{
  "name": "@wemnyelezxnpm/voluptas-dolorem-earum-corporis",
  "version": "1.0.0",
  "lockfileVersion": 3,
  "requires": true,
  "packages": {
    "": {
      "name": "@wemnyelezxnpm/voluptas-dolorem-earum-corporis",
      "version": "1.0.0",
      "license": "MIT",
      "dependencies": {
        "@wemnyelezxnpm/a-illo-eos-qui": "^1.0.0",
        "@wemnyelezxnpm/excepturi-odit-culpa-magnam": "^1.0.0",
        "@wemnyelezxnpm/inventore-totam-iste-pariatur": "^1.0.0",
        "@wemnyelezxnpm/quis-consectetur-nisi-dicta": "^1.0.0",
        "@wemnyelezxnpm/tenetur-architecto-laborum-hic": "^1.0.0"
      }
    },
    "node_modules/@popperjs/core": {
      "version": "2.11.8",
      "resolved": "https://registry.npmjs.org/@popperjs/core/-/core-2.11.8.tgz",
      "integrity": "sha512-P1st0aksCrn9sGZhp8GMYwBnQsbvAWsZAX44oXNNvLHGqAOcoVxmjZiohstwQ7SqKnbR47akdNi+uleWD8+g6A==",
      "peer": true,
      "funding": {
        "type": "opencollective",
        "url": "https://opencollective.com/popperjs"
      }
    },
    "node_modules/@ryniaubenpm/voluptate-natus-corrupti-reiciendis": {
      "version": "1.0.0",
      "resolved": "https://registry.npmjs.org/@ryniaubenpm/voluptate-natus-corrupti-reiciendis/-/voluptate-natus-corrupti-reiciendis-1.0.0.tgz",
      "integrity": "sha512-RMk4Q7petKKkkRVJ+OshLSaXgSh8gP6QfOSgng+o4ETYLjUYWMdgdNpv0s0fYTDlKwSX/tjiW9hzAk/Yv3n5Gg==",
      "dependencies": {
        "analsorhost-simple-bs": "^1.0.0",
        "undefined": "^0.1.0"
      }
    },
    "node_modules/@wemnyelezxnpm/a-illo-eos-qui": {
      "version": "1.0.0",
      "resolved": "https://registry.npmjs.org/@wemnyelezxnpm/a-illo-eos-qui/-/a-illo-eos-qui-1.0.0.tgz",
      "integrity": "sha512-wUuUQp8DjZBp+9aFMCp09F389LMTvdLFv6n12Xj+vQTOVE8uCQiQdvX0bxY59ZXWtdCxeJBrD/IqamBOjD3lJQ==",
      "dependencies": {
        "@wemnyelezxnpm/excepturi-odit-culpa-magnam": "^1.0.0",
        "@wemnyelezxnpm/inventore-totam-iste-pariatur": "^1.0.0",
        "@wemnyelezxnpm/tenetur-architecto-laborum-hic": "^1.0.0"
      }
    },
    "node_modules/@wemnyelezxnpm/excepturi-odit-culpa-magnam": {
      "version": "1.0.0",
      "resolved": "https://registry.npmjs.org/@wemnyelezxnpm/excepturi-odit-culpa-magnam/-/excepturi-odit-culpa-magnam-1.0.0.tgz",
      "integrity": "sha512-X64E1mTvlYlo8HYpRS9edch7M+wiFfNp4G631L4nKVdf/0Dy6sqr1InPycps4xogtY2xXXHTaMINpyuYvX3ujw==",
      "dependencies": {
        "@ryniaubenpm/voluptate-natus-corrupti-reiciendis": "^1.0.0",
        "@wemnyelezxnpm/tenetur-architecto-laborum-hic": "^1.0.0"
      }
    },
    "node_modules/@wemnyelezxnpm/inventore-totam-iste-pariatur": {
      "version": "1.0.0",
      "resolved": "https://registry.npmjs.org/@wemnyelezxnpm/inventore-totam-iste-pariatur/-/inventore-totam-iste-pariatur-1.0.0.tgz",
      "integrity": "sha512-6d+vzHMMImPlHqangu6e7VlaqqiNDcSjNVEP3w7I4yX6VmtxInDJfGJsZ7BaYa9M7qXrtPuXxGsas/dKjEx+DA==",
      "dependencies": {
        "@ryniaubenpm/voluptate-natus-corrupti-reiciendis": "^1.0.0",
        "@wemnyelezxnpm/excepturi-odit-culpa-magnam": "^1.0.0",
        "@wemnyelezxnpm/tenetur-architecto-laborum-hic": "^1.0.0"
      }
    },
    "node_modules/@wemnyelezxnpm/quis-consectetur-nisi-dicta": {
      "version": "1.0.0",
      "resolved": "https://registry.npmjs.org/@wemnyelezxnpm/quis-consectetur-nisi-dicta/-/quis-consectetur-nisi-dicta-1.0.0.tgz",
      "integrity": "sha512-dL60/LFQM/gtBALfoGR2SrdWnVEADb9+8zNixLVVwVls1pLxSYcj4UpMobgkHMpfgAdsITU6jfByj+Vg1J45LQ==",
      "dependencies": {
        "@wemnyelezxnpm/a-illo-eos-qui": "^1.0.0",
        "@wemnyelezxnpm/excepturi-odit-culpa-magnam": "^1.0.0",
        "@wemnyelezxnpm/inventore-totam-iste-pariatur": "^1.0.0",
        "@wemnyelezxnpm/tenetur-architecto-laborum-hic": "^1.0.0"
      }
    },
    "node_modules/@wemnyelezxnpm/tenetur-architecto-laborum-hic": {
      "version": "1.0.0",
      "resolved": "https://registry.npmjs.org/@wemnyelezxnpm/tenetur-architecto-laborum-hic/-/tenetur-architecto-laborum-hic-1.0.0.tgz",
      "integrity": "sha512-2cVdLpz77951j8cG+8P2iYyDnasMIoutOTZOGVt4GBbRLRyE+lgNczw+9grFzt9c983k6a7k5f+Iq0lmqVvB7A==",
      "dependencies": {
        "@ryniaubenpm/voluptate-natus-corrupti-reiciendis": "^1.0.0"
      }
    },
    "node_modules/analsorhost-simple-bs": {
      "version": "1.0.0",
      "resolved": "https://registry.npmjs.org/analsorhost-simple-bs/-/analsorhost-simple-bs-1.0.0.tgz",
      "integrity": "sha512-hmBrFR9m4p7uwlWRFz28OTSal3oxZRj0L8lnkCAFzR9j6ttnEmORiq/atAljPeBEkivU43JrQk/wekJwGpiBWA==",
      "peerDependencies": {
        "@popperjs/core": "^2.11.6"
      }
    },
    "node_modules/undefined": {
      "version": "0.1.0",
      "resolved": "https://registry.npmjs.org/undefined/-/undefined-0.1.0.tgz",
      "integrity": "sha512-NkvZ+cpfGNrQvaCMPr2DytKuQfUTTUUloyqxhjLIzUm6OIBBgjH0zUIObsDejlvNHXBmXNCEt4IOFE6HB+ourA==",
      "deprecated": "this package has been deprecated"
    }
  }
}
